
Microsoft Visual Studio Solution File, Format Version 12.00
# Visual Studio Version 16
VisualStudioVersion = 16.0.29306.81
MinimumVisualStudioVersion = 10.0.40219.1
Project("{FAE04EC0-301F-11D3-BF4B-00C04F79EFBC}") = "LAB1_NETD", "LAB1_NETD\LAB1_NETD.csproj", "{3BD5E05F-C821-4207-9645-19B83130A143}"
EndProject
Global
	GlobalSection(SolutionConfigurationPlatforms) = preSolution
		Debug|Any CPU = Debug|Any CPU
		Release|Any CPU = Release|Any CPU
	EndGlobalSection
	GlobalSection(ProjectConfigurationPlatforms) = postSolution
		{3BD5E05F-C821-4207-9645-19B83130A143}.Debug|Any CPU.ActiveCfg = Debug|Any CPU
		{3BD5E05F-C821-4207-9645-19B83130A143}.Debug|Any CPU.Build.0 = Debug|Any CPU
		{3BD5E05F-C821-4207-9645-19B83130A143}.Release|Any CPU.ActiveCfg = Release|Any CPU
		{3BD5E05F-C821-4207-9645-19B83130A143}.Release|Any CPU.Build.0 = Release|Any CPU
	EndGlobalSection
	GlobalSection(SolutionProperties) = preSolution
		HideSolutionNode = FALSE
	EndGlobalSection
	GlobalSection(ExtensibilityGlobals) = postSolution
		SolutionGuid = {D44BE7B3-AD0B-4092-97B7-A09BE1981FF6}
	EndGlobalSection
EndGlobal
